
Microsoft Visual Studio Solution File, Format Version 12.00
# Visual Studio Version 16
VisualStudioVersion = 16.0.30320.27
MinimumVisualStudioVersion = 10.0.40219.1
Project("{FAE04EC0-301F-11D3-BF4B-00C04F79EFBC}") = "SalesWebMVC", "SalesWebMVC\SalesWebMVC.csproj", "{8538C71C-1940-401F-9691-3CBEE71F8E9F}"
EndProject
Global
	GlobalSection(SolutionConfigurationPlatforms) = preSolution
		Debug|Any CPU = Debug|Any CPU
		Release|Any CPU = Release|Any CPU
	EndGlobalSection
	GlobalSection(ProjectConfigurationPlatforms) = postSolution
		{8538C71C-1940-401F-9691-3CBEE71F8E9F}.Debug|Any CPU.ActiveCfg = Debug|Any CPU
		{8538C71C-1940-401F-9691-3CBEE71F8E9F}.Debug|Any CPU.Build.0 = Debug|Any CPU
		{8538C71C-1940-401F-9691-3CBEE71F8E9F}.Release|Any CPU.ActiveCfg = Release|Any CPU
		{8538C71C-1940-401F-9691-3CBEE71F8E9F}.Release|Any CPU.Build.0 = Release|Any CPU
	EndGlobalSection
	GlobalSection(SolutionProperties) = preSolution
		HideSolutionNode = FALSE
	EndGlobalSection
	GlobalSection(ExtensibilityGlobals) = postSolution
		SolutionGuid = {F301BC95-28F3-4D52-913D-4F383C495A31}
	EndGlobalSection
EndGlobal
